
Microsoft Visual Studio Solution File, Format Version 12.00
# Visual Studio 14
VisualStudioVersion = 14.0.25420.1
MinimumVisualStudioVersion = 10.0.40219.1
Project("{FAE04EC0-301F-11D3-BF4B-00C04F79EFBC}") = "AureusAnalytics", "AureusAnalytics.csproj", "{FDF725AF-4107-473D-9FB4-A97C22C9747D}"
EndProject
Global
	GlobalSection(SolutionConfigurationPlatforms) = preSolution
		Debug|Any CPU = Debug|Any CPU
		Release|Any CPU = Release|Any CPU
	EndGlobalSection
	GlobalSection(ProjectConfigurationPlatforms) = postSolution
		{FDF725AF-4107-473D-9FB4-A97C22C9747D}.Debug|Any CPU.ActiveCfg = Debug|Any CPU
		{FDF725AF-4107-473D-9FB4-A97C22C9747D}.Debug|Any CPU.Build.0 = Debug|Any CPU
		{FDF725AF-4107-473D-9FB4-A97C22C9747D}.Release|Any CPU.ActiveCfg = Release|Any CPU
		{FDF725AF-4107-473D-9FB4-A97C22C9747D}.Release|Any CPU.Build.0 = Release|Any CPU
	EndGlobalSection
	GlobalSection(SolutionProperties) = preSolution
		HideSolutionNode = FALSE
	EndGlobalSection
EndGlobal
